// !$*UTF8*$!
{
	archiveVersion = 1;
	classes = {
	};
	objectVersion = 56;
	objects = {

/* Begin PBXBuildFile section */
		8078A2EE2B7B202300C033A7 /* area_alculationTests.swift in Sources */ = {isa = PBXBuildFile; fileRef = 8078A2ED2B7B202300C033A7 /* area_alculationTests.swift */; };
		80956E1A2B79878D002D852F /* AppDelegate.swift in Sources */ = {isa = PBXBuildFile; fileRef = 80956E192B79878D002D852F /* AppDelegate.swift */; };
		80956E1C2B79878D002D852F /* SceneDelegate.swift in Sources */ = {isa = PBXBuildFile; fileRef = 80956E1B2B79878D002D852F /* SceneDelegate.swift */; };
		80956E1E2B79878D002D852F /* ViewController.swift in Sources */ = {isa = PBXBuildFile; fileRef = 80956E1D2B79878D002D852F /* ViewController.swift */; };
		80956E212B79878D002D852F /* Main.storyboard in Resources */ = {isa = PBXBuildFile; fileRef = 80956E1F2B79878D002D852F /* Main.storyboard */; };
		80956E232B798792002D852F /* Assets.xcassets in Resources */ = {isa = PBXBuildFile; fileRef = 80956E222B798792002D852F /* Assets.xcassets */; };
		80956E262B798792002D852F /* LaunchScreen.storyboard in Resources */ = {isa = PBXBuildFile; fileRef = 80956E242B798792002D852F /* LaunchScreen.storyboard */; };
		80956E4A2B799412002D852F /* CircleViewController.swift in Sources */ = {isa = PBXBuildFile; fileRef = 80956E492B799411002D852F /* CircleViewController.swift */; };
		80956E4C2B7994D6002D852F /* TriangleViewController.swift in Sources */ = {isa = PBXBuildFile; fileRef = 80956E4B2B7994D6002D852F /* TriangleViewController.swift */; };
		80956E4E2B79B75F002D852F /* Circle.swift in Sources */ = {isa = PBXBuildFile; fileRef = 80956E4D2B79B75E002D852F /* Circle.swift */; };
		80956E502B7AFF2C002D852F /* Triangle.swift in Sources */ = {isa = PBXBuildFile; fileRef = 80956E4F2B7AFF2B002D852F /* Triangle.swift */; };
		80956E522B7AFFBA002D852F /* Figure.swift in Sources */ = {isa = PBXBuildFile; fileRef = 80956E512B7AFFBA002D852F /* Figure.swift */; };
/* End PBXBuildFile section */

/* Begin PBXContainerItemProxy section */
		8078A2EF2B7B202300C033A7 /* PBXContainerItemProxy */ = {
			isa = PBXContainerItemProxy;
			containerPortal = 80956E0E2B79878D002D852F /* Project object */;
			proxyType = 1;
			remoteGlobalIDString = 80956E152B79878D002D852F;
			remoteInfo = "areaСalculation";
		};
/* End PBXContainerItemProxy section */

/* Begin PBXFileReference section */
		8078A2EB2B7B202300C033A7 /* areaСalculationTests.xctest */ = {isa = PBXFileReference; explicitFileType = wrapper.cfbundle; includeInIndex = 0; path = "areaСalculationTests.xctest"; sourceTree = BUILT_PRODUCTS_DIR; };
		8078A2ED2B7B202300C033A7 /* area_alculationTests.swift */ = {isa = PBXFileReference; lastKnownFileType = sourcecode.swift; path = area_alculationTests.swift; sourceTree = "<group>"; };
		80956E162B79878D002D852F /* areaСalculation.app */ = {isa = PBXFileReference; explicitFileType = wrapper.application; includeInIndex = 0; path = "areaСalculation.app"; sourceTree = BUILT_PRODUCTS_DIR; };
		80956E192B79878D002D852F /* AppDelegate.swift */ = {isa = PBXFileReference; lastKnownFileType = sourcecode.swift; path = AppDelegate.swift; sourceTree = "<group>"; };
		80956E1B2B79878D002D852F /* SceneDelegate.swift */ = {isa = PBXFileReference; lastKnownFileType = sourcecode.swift; path = SceneDelegate.swift; sourceTree = "<group>"; };
		80956E1D2B79878D002D852F /* ViewController.swift */ = {isa = PBXFileReference; lastKnownFileType = sourcecode.swift; path = ViewController.swift; sourceTree = "<group>"; };
		80956E202B79878D002D852F /* Base */ = {isa = PBXFileReference; lastKnownFileType = file.storyboard; name = Base; path = Base.lproj/Main.storyboard; sourceTree = "<group>"; };
		80956E222B798792002D852F /* Assets.xcassets */ = {isa = PBXFileReference; lastKnownFileType = folder.assetcatalog; path = Assets.xcassets; sourceTree = "<group>"; };
		80956E252B798792002D852F /* Base */ = {isa = PBXFileReference; lastKnownFileType = file.storyboard; name = Base; path = Base.lproj/LaunchScreen.storyboard; sourceTree = "<group>"; };
		80956E272B798792002D852F /* Info.plist */ = {isa = PBXFileReference; lastKnownFileType = text.plist.xml; path = Info.plist; sourceTree = "<group>"; };
		80956E492B799411002D852F /* CircleViewController.swift */ = {isa = PBXFileReference; lastKnownFileType = sourcecode.swift; path = CircleViewController.swift; sourceTree = "<group>"; };
		80956E4B2B7994D6002D852F /* TriangleViewController.swift */ = {isa = PBXFileReference; lastKnownFileType = sourcecode.swift; path = TriangleViewController.swift; sourceTree = "<group>"; };
		80956E4D2B79B75E002D852F /* Circle.swift */ = {isa = PBXFileReference; lastKnownFileType = sourcecode.swift; path = Circle.swift; sourceTree = "<group>"; };
		80956E4F2B7AFF2B002D852F /* Triangle.swift */ = {isa = PBXFileReference; lastKnownFileType = sourcecode.swift; path = Triangle.swift; sourceTree = "<group>"; };
		80956E512B7AFFBA002D852F /* Figure.swift */ = {isa = PBXFileReference; lastKnownFileType = sourcecode.swift; path = Figure.swift; sourceTree = "<group>"; };
/* End PBXFileReference section */

/* Begin PBXFrameworksBuildPhase section */
		8078A2E82B7B202300C033A7 /* Frameworks */ = {
			isa = PBXFrameworksBuildPhase;
			buildActionMask = 2147483647;
			files = (
			);
			runOnlyForDeploymentPostprocessing = 0;
		};
		80956E132B79878D002D852F /* Frameworks */ = {
			isa = PBXFrameworksBuildPhase;
			buildActionMask = 2147483647;
			files = (
			);
			runOnlyForDeploymentPostprocessing = 0;
		};
/* End PBXFrameworksBuildPhase section */

/* Begin PBXGroup section */
		8078A2DC2B7B160600C033A7 /* View */ = {
			isa = PBXGroup;
			children = (
				80956E1F2B79878D002D852F /* Main.storyboard */,
			);
			path = View;
			sourceTree = "<group>";
		};
		8078A2DD2B7B161400C033A7 /* Model */ = {
			isa = PBXGroup;
			children = (
				80956E512B7AFFBA002D852F /* Figure.swift */,
				80956E4D2B79B75E002D852F /* Circle.swift */,
				80956E4F2B7AFF2B002D852F /* Triangle.swift */,
			);
			path = Model;
			sourceTree = "<group>";
		};
		8078A2DE2B7B162400C033A7 /* Controller */ = {
			isa = PBXGroup;
			children = (
				80956E1D2B79878D002D852F /* ViewController.swift */,
				80956E492B799411002D852F /* CircleViewController.swift */,
				80956E4B2B7994D6002D852F /* TriangleViewController.swift */,
			);
			path = Controller;
			sourceTree = "<group>";
		};
		8078A2EC2B7B202300C033A7 /* areaСalculationTests */ = {
			isa = PBXGroup;
			children = (
				8078A2ED2B7B202300C033A7 /* area_alculationTests.swift */,
			);
			path = "areaСalculationTests";
			sourceTree = "<group>";
		};
		80956E0D2B79878D002D852F = {
			isa = PBXGroup;
			children = (
				80956E182B79878D002D852F /* areaСalculation */,
				8078A2EC2B7B202300C033A7 /* areaСalculationTests */,
				80956E172B79878D002D852F /* Products */,
			);
			sourceTree = "<group>";
		};
		80956E172B79878D002D852F /* Products */ = {
			isa = PBXGroup;
			children = (
				80956E162B79878D002D852F /* areaСalculation.app */,
				8078A2EB2B7B202300C033A7 /* areaСalculationTests.xctest */,
			);
			name = Products;
			sourceTree = "<group>";
		};
		80956E182B79878D002D852F /* areaСalculation */ = {
			isa = PBXGroup;
			children = (
				80956E192B79878D002D852F /* AppDelegate.swift */,
				80956E1B2B79878D002D852F /* SceneDelegate.swift */,
				8078A2DD2B7B161400C033A7 /* Model */,
				8078A2DC2B7B160600C033A7 /* View */,
				8078A2DE2B7B162400C033A7 /* Controller */,
				80956E222B798792002D852F /* Assets.xcassets */,
				80956E242B798792002D852F /* LaunchScreen.storyboard */,
				80956E272B798792002D852F /* Info.plist */,
			);
			path = "areaСalculation";
			sourceTree = "<group>";
		};
/* End PBXGroup section */

/* Begin PBXNativeTarget section */
		8078A2EA2B7B202300C033A7 /* areaСalculationTests */ = {
			isa = PBXNativeTarget;
			buildConfigurationList = 8078A2F12B7B202300C033A7 /* Build configuration list for PBXNativeTarget "areaСalculationTests" */;
			buildPhases = (
				8078A2E72B7B202300C033A7 /* Sources */,
				8078A2E82B7B202300C033A7 /* Frameworks */,
				8078A2E92B7B202300C033A7 /* Resources */,
			);
			buildRules = (
			);
			dependencies = (
				8078A2F02B7B202300C033A7 /* PBXTargetDependency */,
			);
			name = "areaСalculationTests";
			productName = "areaСalculationTests";
			productReference = 8078A2EB2B7B202300C033A7 /* areaСalculationTests.xctest */;
			productType = "com.apple.product-type.bundle.unit-test";
		};
		80956E152B79878D002D852F /* areaСalculation */ = {
			isa = PBXNativeTarget;
			buildConfigurationList = 80956E402B798793002D852F /* Build configuration list for PBXNativeTarget "areaСalculation" */;
			buildPhases = (
				80956E122B79878D002D852F /* Sources */,
				80956E132B79878D002D852F /* Frameworks */,
				80956E142B79878D002D852F /* Resources */,
			);
			buildRules = (
			);
			dependencies = (
			);
			name = "areaСalculation";
			productName = "areaСalculation";
			productReference = 80956E162B79878D002D852F /* areaСalculation.app */;
			productType = "com.apple.product-type.application";
		};
/* End PBXNativeTarget section */

/* Begin PBXProject section */
		80956E0E2B79878D002D852F /* Project object */ = {
			isa = PBXProject;
			attributes = {
				BuildIndependentTargetsInParallel = 1;
				LastSwiftUpdateCheck = 1500;
				LastUpgradeCheck = 1500;
				TargetAttributes = {
					8078A2EA2B7B202300C033A7 = {
						CreatedOnToolsVersion = 15.0.1;
						TestTargetID = 80956E152B79878D002D852F;
					};
					80956E152B79878D002D852F = {
						CreatedOnToolsVersion = 15.0.1;
					};
				};
			};
			buildConfigurationList = 80956E112B79878D002D852F /* Build configuration list for PBXProject "areaСalculation" */;
			compatibilityVersion = "Xcode 14.0";
			developmentRegion = en;
			hasScannedForEncodings = 0;
			knownRegions = (
				en,
				Base,
			);
			mainGroup = 80956E0D2B79878D002D852F;
			productRefGroup = 80956E172B79878D002D852F /* Products */;
			projectDirPath = "";
			projectRoot = "";
			targets = (
				80956E152B79878D002D852F /* areaСalculation */,
				8078A2EA2B7B202300C033A7 /* areaСalculationTests */,
			);
		};
/* End PBXProject section */

/* Begin PBXResourcesBuildPhase section */
		8078A2E92B7B202300C033A7 /* Resources */ = {
			isa = PBXResourcesBuildPhase;
			buildActionMask = 2147483647;
			files = (
			);
			runOnlyForDeploymentPostprocessing = 0;
		};
		80956E142B79878D002D852F /* Resources */ = {
			isa = PBXResourcesBuildPhase;
			buildActionMask = 2147483647;
			files = (
				80956E262B798792002D852F /* LaunchScreen.storyboard in Resources */,
				80956E232B798792002D852F /* Assets.xcassets in Resources */,
				80956E212B79878D002D852F /* Main.storyboard in Resources */,
			);
			runOnlyForDeploymentPostprocessing = 0;
		};
/* End PBXResourcesBuildPhase section */

/* Begin PBXSourcesBuildPhase section */
		8078A2E72B7B202300C033A7 /* Sources */ = {
			isa = PBXSourcesBuildPhase;
			buildActionMask = 2147483647;
			files = (
				8078A2EE2B7B202300C033A7 /* area_alculationTests.swift in Sources */,
			);
			runOnlyForDeploymentPostprocessing = 0;
		};
		80956E122B79878D002D852F /* Sources */ = {
			isa = PBXSourcesBuildPhase;
			buildActionMask = 2147483647;
			files = (
				80956E1E2B79878D002D852F /* ViewController.swift in Sources */,
				80956E522B7AFFBA002D852F /* Figure.swift in Sources */,
				80956E1A2B79878D002D852F /* AppDelegate.swift in Sources */,
				80956E4A2B799412002D852F /* CircleViewController.swift in Sources */,
				80956E4C2B7994D6002D852F /* TriangleViewController.swift in Sources */,
				80956E1C2B79878D002D852F /* SceneDelegate.swift in Sources */,
				80956E502B7AFF2C002D852F /* Triangle.swift in Sources */,
				80956E4E2B79B75F002D852F /* Circle.swift in Sources */,
			);
			runOnlyForDeploymentPostprocessing = 0;
		};
/* End PBXSourcesBuildPhase section */

/* Begin PBXTargetDependency section */
		8078A2F02B7B202300C033A7 /* PBXTargetDependency */ = {
			isa = PBXTargetDependency;
			target = 80956E152B79878D002D852F /* areaСalculation */;
			targetProxy = 8078A2EF2B7B202300C033A7 /* PBXContainerItemProxy */;
		};
/* End PBXTargetDependency section */

/* Begin PBXVariantGroup section */
		80956E1F2B79878D002D852F /* Main.storyboard */ = {
			isa = PBXVariantGroup;
			children = (
				80956E202B79878D002D852F /* Base */,
			);
			name = Main.storyboard;
			sourceTree = "<group>";
		};
		80956E242B798792002D852F /* LaunchScreen.storyboard */ = {
			isa = PBXVariantGroup;
			children = (
				80956E252B798792002D852F /* Base */,
			);
			name = LaunchScreen.storyboard;
			sourceTree = "<group>";
		};
/* End PBXVariantGroup section */

/* Begin XCBuildConfiguration section */
		8078A2F22B7B202300C033A7 /* Debug */ = {
			isa = XCBuildConfiguration;
			buildSettings = {
				BUNDLE_LOADER = "$(TEST_HOST)";
				CODE_SIGN_STYLE = Automatic;
				CURRENT_PROJECT_VERSION = 1;
				DEVELOPMENT_TEAM = U7Z7662R7M;
				GENERATE_INFOPLIST_FILE = YES;
				MARKETING_VERSION = 1.0;
				PRODUCT_BUNDLE_IDENTIFIER = "i.Shark.area-alculationTests";
				PRODUCT_NAME = "$(TARGET_NAME)";
				SWIFT_EMIT_LOC_STRINGS = NO;
				SWIFT_VERSION = 5.0;
				TARGETED_DEVICE_FAMILY = "1,2";
				TEST_HOST = "$(BUILT_PRODUCTS_DIR)/areaСalculation.app/$(BUNDLE_EXECUTABLE_FOLDER_PATH)/areaСalculation";
			};
			name = Debug;
		};
		8078A2F32B7B202300C033A7 /* Release */ = {
			isa = XCBuildConfiguration;
			buildSettings = {
				BUNDLE_LOADER = "$(TEST_HOST)";
				CODE_SIGN_STYLE = Automatic;
				CURRENT_PROJECT_VERSION = 1;
				DEVELOPMENT_TEAM = U7Z7662R7M;
				GENERATE_INFOPLIST_FILE = YES;
				MARKETING_VERSION = 1.0;
				PRODUCT_BUNDLE_IDENTIFIER = "i.Shark.area-alculationTests";
				PRODUCT_NAME = "$(TARGET_NAME)";
				SWIFT_EMIT_LOC_STRINGS = NO;
				SWIFT_VERSION = 5.0;
				TARGETED_DEVICE_FAMILY = "1,2";
				TEST_HOST = "$(BUILT_PRODUCTS_DIR)/areaСalculation.app/$(BUNDLE_EXECUTABLE_FOLDER_PATH)/areaСalculation";
			};
			name = Release;
		};
		80956E3E2B798793002D852F /* Debug */ = {
			isa = XCBuildConfiguration;
			buildSettings = {
				ALWAYS_SEARCH_USER_PATHS = NO;
				ASSETCATALOG_COMPILER_GENERATE_SWIFT_ASSET_SYMBOL_EXTENSIONS = YES;
				CLANG_ANALYZER_NONNULL = YES;
				CLANG_ANALYZER_NUMBER_OBJECT_CONVERSION = YES_AGGRESSIVE;
				CLANG_CXX_LANGUAGE_STANDARD = "gnu++20";
				CLANG_ENABLE_MODULES = YES;
				CLANG_ENABLE_OBJC_ARC = YES;
				CLANG_ENABLE_OBJC_WEAK = YES;
				CLANG_WARN_BLOCK_CAPTURE_AUTORELEASING = YES;
				CLANG_WARN_BOOL_CONVERSION = YES;
				CLANG_WARN_COMMA = YES;
				CLANG_WARN_CONSTANT_CONVERSION = YES;
				CLANG_WARN_DEPRECATED_OBJC_IMPLEMENTATIONS = YES;
				CLANG_WARN_DIRECT_OBJC_ISA_USAGE = YES_ERROR;
				CLANG_WARN_DOCUMENTATION_COMMENTS = YES;
				CLANG_WARN_EMPTY_BODY = YES;
				CLANG_WARN_ENUM_CONVERSION = YES;
				CLANG_WARN_INFINITE_RECURSION = YES;
				CLANG_WARN_INT_CONVERSION = YES;
				CLANG_WARN_NON_LITERAL_NULL_CONVERSION = YES;
				CLANG_WARN_OBJC_IMPLICIT_RETAIN_SELF = YES;
				CLANG_WARN_OBJC_LITERAL_CONVERSION = YES;
				CLANG_WARN_OBJC_ROOT_CLASS = YES_ERROR;
				CLANG_WARN_QUOTED_INCLUDE_IN_FRAMEWORK_HEADER = YES;
				CLANG_WARN_RANGE_LOOP_ANALYSIS = YES;
				CLANG_WARN_STRICT_PROTOTYPES = YES;
				CLANG_WARN_SUSPICIOUS_MOVE = YES;
				CLANG_WARN_UNGUARDED_AVAILABILITY = YES_AGGRESSIVE;
				CLANG_WARN_UNREACHABLE_CODE = YES;
				CLANG_WARN__DUPLICATE_METHOD_MATCH = YES;
				COPY_PHASE_STRIP = NO;
				DEBUG_INFORMATION_FORMAT = dwarf;
				ENABLE_STRICT_OBJC_MSGSEND = YES;
				ENABLE_TESTABILITY = YES;
				ENABLE_USER_SCRIPT_SANDBOXING = YES;
				GCC_C_LANGUAGE_STANDARD = gnu17;
				GCC_DYNAMIC_NO_PIC = NO;
				GCC_NO_COMMON_BLOCKS = YES;
				GCC_OPTIMIZATION_LEVEL = 0;
				GCC_PREPROCESSOR_DEFINITIONS = (
					"DEBUG=1",
					"$(inherited)",
				);
				GCC_WARN_64_TO_32_BIT_CONVERSION = YES;
				GCC_WARN_ABOUT_RETURN_TYPE = YES_ERROR;
				GCC_WARN_UNDECLARED_SELECTOR = YES;
				GCC_WARN_UNINITIALIZED_AUTOS = YES_AGGRESSIVE;
				GCC_WARN_UNUSED_FUNCTION = YES;
				GCC_WARN_UNUSED_VARIABLE = YES;
				IPHONEOS_DEPLOYMENT_TARGET = 17.0;
				LOCALIZATION_PREFERS_STRING_CATALOGS = YES;
				MTL_ENABLE_DEBUG_INFO = INCLUDE_SOURCE;
				MTL_FAST_MATH = YES;
				ONLY_ACTIVE_ARCH = YES;
				SDKROOT = iphoneos;
				SWIFT_ACTIVE_COMPILATION_CONDITIONS = "DEBUG $(inherited)";
				SWIFT_OPTIMIZATION_LEVEL = "-Onone";
			};
			name = Debug;
		};
		80956E3F2B798793002D852F /* Release */ = {
			isa = XCBuildConfiguration;
			buildSettings = {
				ALWAYS_SEARCH_USER_PATHS = NO;
				ASSETCATALOG_COMPILER_GENERATE_SWIFT_ASSET_SYMBOL_EXTENSIONS = YES;
				CLANG_ANALYZER_NONNULL = YES;
				CLANG_ANALYZER_NUMBER_OBJECT_CONVERSION = YES_AGGRESSIVE;
				CLANG_CXX_LANGUAGE_STANDARD = "gnu++20";
				CLANG_ENABLE_MODULES = YES;
				CLANG_ENABLE_OBJC_ARC = YES;
				CLANG_ENABLE_OBJC_WEAK = YES;
				CLANG_WARN_BLOCK_CAPTURE_AUTORELEASING = YES;
				CLANG_WARN_BOOL_CONVERSION = YES;
				CLANG_WARN_COMMA = YES;
				CLANG_WARN_CONSTANT_CONVERSION = YES;
				CLANG_WARN_DEPRECATED_OBJC_IMPLEMENTATIONS = YES;
				CLANG_WARN_DIRECT_OBJC_ISA_USAGE = YES_ERROR;
				CLANG_WARN_DOCUMENTATION_COMMENTS = YES;
				CLANG_WARN_EMPTY_BODY = YES;
				CLANG_WARN_ENUM_CONVERSION = YES;
				CLANG_WARN_INFINITE_RECURSION = YES;
				CLANG_WARN_INT_CONVERSION = YES;
				CLANG_WARN_NON_LITERAL_NULL_CONVERSION = YES;
				CLANG_WARN_OBJC_IMPLICIT_RETAIN_SELF = YES;
				CLANG_WARN_OBJC_LITERAL_CONVERSION = YES;
				CLANG_WARN_OBJC_ROOT_CLASS = YES_ERROR;
				CLANG_WARN_QUOTED_INCLUDE_IN_FRAMEWORK_HEADER = YES;
				CLANG_WARN_RANGE_LOOP_ANALYSIS = YES;
				CLANG_WARN_STRICT_PROTOTYPES = YES;
				CLANG_WARN_SUSPICIOUS_MOVE = YES;
				CLANG_WARN_UNGUARDED_AVAILABILITY = YES_AGGRESSIVE;
				CLANG_WARN_UNREACHABLE_CODE = YES;
				CLANG_WARN__DUPLICATE_METHOD_MATCH = YES;
				COPY_PHASE_STRIP = NO;
				DEBUG_INFORMATION_FORMAT = "dwarf-with-dsym";
				ENABLE_NS_ASSERTIONS = NO;
				ENABLE_STRICT_OBJC_MSGSEND = YES;
				ENABLE_USER_SCRIPT_SANDBOXING = YES;
				GCC_C_LANGUAGE_STANDARD = gnu17;
				GCC_NO_COMMON_BLOCKS = YES;
				GCC_WARN_64_TO_32_BIT_CONVERSION = YES;
				GCC_WARN_ABOUT_RETURN_TYPE = YES_ERROR;
				GCC_WARN_UNDECLARED_SELECTOR = YES;
				GCC_WARN_UNINITIALIZED_AUTOS = YES_AGGRESSIVE;
				GCC_WARN_UNUSED_FUNCTION = YES;
				GCC_WARN_UNUSED_VARIABLE = YES;
				IPHONEOS_DEPLOYMENT_TARGET = 17.0;
				LOCALIZATION_PREFERS_STRING_CATALOGS = YES;
				MTL_ENABLE_DEBUG_INFO = NO;
				MTL_FAST_MATH = YES;
				SDKROOT = iphoneos;
				SWIFT_COMPILATION_MODE = wholemodule;
				VALIDATE_PRODUCT = YES;
			};
			name = Release;
		};
		80956E412B798793002D852F /* Debug */ = {
			isa = XCBuildConfiguration;
			buildSettings = {
				ASSETCATALOG_COMPILER_APPICON_NAME = AppIcon;
				ASSETCATALOG_COMPILER_GLOBAL_ACCENT_COLOR_NAME = AccentColor;
				CODE_SIGN_STYLE = Automatic;
				CURRENT_PROJECT_VERSION = 1;
				DEVELOPMENT_TEAM = U7Z7662R7M;
				GENERATE_INFOPLIST_FILE = YES;
				INFOPLIST_FILE = "areaСalculation/Info.plist";
				INFOPLIST_KEY_UIApplicationSupportsIndirectInputEvents = YES;
				INFOPLIST_KEY_UILaunchStoryboardName = LaunchScreen;
				INFOPLIST_KEY_UIMainStoryboardFile = Main;
				INFOPLIST_KEY_UISupportedInterfaceOrientations_iPad = "UIInterfaceOrientationPortrait UIInterfaceOrientationPortraitUpsideDown UIInterfaceOrientationLandscapeLeft UIInterfaceOrientationLandscapeRight";
				INFOPLIST_KEY_UISupportedInterfaceOrientations_iPhone = "UIInterfaceOrientationPortrait UIInterfaceOrientationLandscapeLeft UIInterfaceOrientationLandscapeRight";
				LD_RUNPATH_SEARCH_PATHS = (
					"$(inherited)",
					"@executable_path/Frameworks",
				);
				MARKETING_VERSION = 1.0;
				PRODUCT_BUNDLE_IDENTIFIER = "i.Shark.area-alculation";
				PRODUCT_NAME = "$(TARGET_NAME)";
				SWIFT_EMIT_LOC_STRINGS = YES;
				SWIFT_VERSION = 5.0;
				TARGETED_DEVICE_FAMILY = "1,2";
			};
			name = Debug;
		};
		80956E422B798793002D852F /* Release */ = {
			isa = XCBuildConfiguration;
			buildSettings = {
				ASSETCATALOG_COMPILER_APPICON_NAME = AppIcon;
				ASSETCATALOG_COMPILER_GLOBAL_ACCENT_COLOR_NAME = AccentColor;
				CODE_SIGN_STYLE = Automatic;
				CURRENT_PROJECT_VERSION = 1;
				DEVELOPMENT_TEAM = U7Z7662R7M;
				GENERATE_INFOPLIST_FILE = YES;
				INFOPLIST_FILE = "areaСalculation/Info.plist";
				INFOPLIST_KEY_UIApplicationSupportsIndirectInputEvents = YES;
				INFOPLIST_KEY_UILaunchStoryboardName = LaunchScreen;
				INFOPLIST_KEY_UIMainStoryboardFile = Main;
				INFOPLIST_KEY_UISupportedInterfaceOrientations_iPad = "UIInterfaceOrientationPortrait UIInterfaceOrientationPortraitUpsideDown UIInterfaceOrientationLandscapeLeft UIInterfaceOrientationLandscapeRight";
				INFOPLIST_KEY_UISupportedInterfaceOrientations_iPhone = "UIInterfaceOrientationPortrait UIInterfaceOrientationLandscapeLeft UIInterfaceOrientationLandscapeRight";
				LD_RUNPATH_SEARCH_PATHS = (
					"$(inherited)",
					"@executable_path/Frameworks",
				);
				MARKETING_VERSION = 1.0;
				PRODUCT_BUNDLE_IDENTIFIER = "i.Shark.area-alculation";
				PRODUCT_NAME = "$(TARGET_NAME)";
				SWIFT_EMIT_LOC_STRINGS = YES;
				SWIFT_VERSION = 5.0;
				TARGETED_DEVICE_FAMILY = "1,2";
			};
			name = Release;
		};
/* End XCBuildConfiguration section */

/* Begin XCConfigurationList section */
		8078A2F12B7B202300C033A7 /* Build configuration list for PBXNativeTarget "areaСalculationTests" */ = {
			isa = XCConfigurationList;
			buildConfigurations = (
				8078A2F22B7B202300C033A7 /* Debug */,
				8078A2F32B7B202300C033A7 /* Release */,
			);
			defaultConfigurationIsVisible = 0;
			defaultConfigurationName = Release;
		};
		80956E112B79878D002D852F /* Build configuration list for PBXProject "areaСalculation" */ = {
			isa = XCConfigurationList;
			buildConfigurations = (
				80956E3E2B798793002D852F /* Debug */,
				80956E3F2B798793002D852F /* Release */,
			);
			defaultConfigurationIsVisible = 0;
			defaultConfigurationName = Release;
		};
		80956E402B798793002D852F /* Build configuration list for PBXNativeTarget "areaСalculation" */ = {
			isa = XCConfigurationList;
			buildConfigurations = (
				80956E412B798793002D852F /* Debug */,
				80956E422B798793002D852F /* Release */,
			);
			defaultConfigurationIsVisible = 0;
			defaultConfigurationName = Release;
		};
/* End XCConfigurationList section */
	};
	rootObject = 80956E0E2B79878D002D852F /* Project object */;
}
